
Microsoft Visual Studio Solution File, Format Version 12.00
# Visual Studio Version 16
VisualStudioVersion = 16.0.30804.86
MinimumVisualStudioVersion = 10.0.40219.1
Project("{FAE04EC0-301F-11D3-BF4B-00C04F79EFBC}") = "ONLINE SHOPPING SERVICE", "ONLINE SHOPPING SERVICE\ONLINE SHOPPING SERVICE.csproj", "{1D458419-7508-473F-A8FD-D515C0F25BEB}"
EndProject
Global
	GlobalSection(SolutionConfigurationPlatforms) = preSolution
		Debug|Any CPU = Debug|Any CPU
		Release|Any CPU = Release|Any CPU
	EndGlobalSection
	GlobalSection(ProjectConfigurationPlatforms) = postSolution
		{1D458419-7508-473F-A8FD-D515C0F25BEB}.Debug|Any CPU.ActiveCfg = Debug|Any CPU
		{1D458419-7508-473F-A8FD-D515C0F25BEB}.Debug|Any CPU.Build.0 = Debug|Any CPU
		{1D458419-7508-473F-A8FD-D515C0F25BEB}.Release|Any CPU.ActiveCfg = Release|Any CPU
		{1D458419-7508-473F-A8FD-D515C0F25BEB}.Release|Any CPU.Build.0 = Release|Any CPU
	EndGlobalSection
	GlobalSection(SolutionProperties) = preSolution
		HideSolutionNode = FALSE
	EndGlobalSection
	GlobalSection(ExtensibilityGlobals) = postSolution
		SolutionGuid = {371A1EBC-6D6E-4ADB-B29D-1E182AF1FD3C}
	EndGlobalSection
EndGlobal
